
Microsoft Visual Studio Solution File, Format Version 12.00
# Visual Studio 15
VisualStudioVersion = 15.0.28307.852
MinimumVisualStudioVersion = 10.0.40219.1
Project("{2150E333-8FDC-42A3-9474-1A3956D46DE8}") = "Infra.Loc", "Infra.Loc", "{6D409EE7-B160-44AB-9453-8485400057C2}"
EndProject
Project("{2150E333-8FDC-42A3-9474-1A3956D46DE8}") = "Application", "Application", "{5B16EC23-18C0-4E4C-9830-DC98618142F8}"
EndProject
Project("{2150E333-8FDC-42A3-9474-1A3956D46DE8}") = "Infra.Data", "Infra.Data", "{3A898EE7-4126-4F28-824E-67535D8323E3}"
EndProject
Project("{2150E333-8FDC-42A3-9474-1A3956D46DE8}") = "Domain", "Domain", "{8FD23FD6-C153-4B83-8B37-560093487A6F}"
EndProject
Project("{2150E333-8FDC-42A3-9474-1A3956D46DE8}") = "Presentation", "Presentation", "{0D6896EA-71B3-4310-A419-5FA5B2CFD8F6}"
EndProject
Project("{FAE04EC0-301F-11D3-BF4B-00C04F79EFBC}") = "CleanArch.Mvc", "ClearnArch.Mvc\CleanArch.Mvc.csproj", "{D08BFB17-139E-4EC0-8F9F-46E52EB2B9E8}"
EndProject
Project("{FAE04EC0-301F-11D3-BF4B-00C04F79EFBC}") = "CleanArch.Domain", "CleanArch.Domain\CleanArch.Domain.csproj", "{81FCEDD2-18CD-4991-964C-238B8A323360}"
EndProject
Global
	GlobalSection(SolutionConfigurationPlatforms) = preSolution
		Debug|Any CPU = Debug|Any CPU
		Release|Any CPU = Release|Any CPU
	EndGlobalSection
	GlobalSection(ProjectConfigurationPlatforms) = postSolution
		{D08BFB17-139E-4EC0-8F9F-46E52EB2B9E8}.Debug|Any CPU.ActiveCfg = Debug|Any CPU
		{D08BFB17-139E-4EC0-8F9F-46E52EB2B9E8}.Debug|Any CPU.Build.0 = Debug|Any CPU
		{D08BFB17-139E-4EC0-8F9F-46E52EB2B9E8}.Release|Any CPU.ActiveCfg = Release|Any CPU
		{D08BFB17-139E-4EC0-8F9F-46E52EB2B9E8}.Release|Any CPU.Build.0 = Release|Any CPU
		{81FCEDD2-18CD-4991-964C-238B8A323360}.Debug|Any CPU.ActiveCfg = Debug|Any CPU
		{81FCEDD2-18CD-4991-964C-238B8A323360}.Debug|Any CPU.Build.0 = Debug|Any CPU
		{81FCEDD2-18CD-4991-964C-238B8A323360}.Release|Any CPU.ActiveCfg = Release|Any CPU
		{81FCEDD2-18CD-4991-964C-238B8A323360}.Release|Any CPU.Build.0 = Release|Any CPU
	EndGlobalSection
	GlobalSection(SolutionProperties) = preSolution
		HideSolutionNode = FALSE
	EndGlobalSection
	GlobalSection(NestedProjects) = preSolution
		{D08BFB17-139E-4EC0-8F9F-46E52EB2B9E8} = {0D6896EA-71B3-4310-A419-5FA5B2CFD8F6}
		{81FCEDD2-18CD-4991-964C-238B8A323360} = {8FD23FD6-C153-4B83-8B37-560093487A6F}
	EndGlobalSection
	GlobalSection(ExtensibilityGlobals) = postSolution
		SolutionGuid = {BD1E2B37-D3DB-4BAF-B8FD-0D32AE0A0124}
	EndGlobalSection
EndGlobal
