
Microsoft Visual Studio Solution File, Format Version 12.00
# Visual Studio 15
VisualStudioVersion = 15.0.28307.852
MinimumVisualStudioVersion = 10.0.40219.1
Project("{2150E333-8FDC-42A3-9474-1A3956D46DE8}") = "CleanArch.Solution", "CleanArch.Solution", "{6D409EE7-B160-44AB-9453-8485400057C2}"
EndProject
Project("{2150E333-8FDC-42A3-9474-1A3956D46DE8}") = "CleanArch.Domain", "CleanArch.Domain", "{5B16EC23-18C0-4E4C-9830-DC98618142F8}"
EndProject
Project("{2150E333-8FDC-42A3-9474-1A3956D46DE8}") = "CleanArch.Inra.Loc", "CleanArch.Inra.Loc", "{3A898EE7-4126-4F28-824E-67535D8323E3}"
EndProject
Project("{2150E333-8FDC-42A3-9474-1A3956D46DE8}") = "CleanArch.Infra.loC", "CleanArch.Infra.loC", "{8FD23FD6-C153-4B83-8B37-560093487A6F}"
EndProject
Project("{2150E333-8FDC-42A3-9474-1A3956D46DE8}") = "CleanArch.UI.Mvc", "CleanArch.UI.Mvc", "{0D6896EA-71B3-4310-A419-5FA5B2CFD8F6}"
EndProject
Global
	GlobalSection(SolutionProperties) = preSolution
		HideSolutionNode = FALSE
	EndGlobalSection
	GlobalSection(ExtensibilityGlobals) = postSolution
		SolutionGuid = {BD1E2B37-D3DB-4BAF-B8FD-0D32AE0A0124}
	EndGlobalSection
EndGlobal
